// !$*UTF8*$!
{
	archiveVersion = 1;
	classes = {
	};
	objectVersion = 46;
	objects = {

/* Begin PBXBuildFile section */
		004E23191DD553710078397D /* ViewControllerGraficaVelocidad.swift in Sources */ = {isa = PBXBuildFile; fileRef = 004E23181DD553710078397D /* ViewControllerGraficaVelocidad.swift */; };
		0096B6731DBC7606001E78DF /* Charts.framework in Frameworks */ = {isa = PBXBuildFile; fileRef = 0096B66E1DBC75FA001E78DF /* Charts.framework */; };
		0096B6741DBC7606001E78DF /* Charts.framework in Embed Frameworks */ = {isa = PBXBuildFile; fileRef = 0096B66E1DBC75FA001E78DF /* Charts.framework */; settings = {ATTRIBUTES = (CodeSignOnCopy, RemoveHeadersOnCopy, ); }; };
		0096B67B1DBC76C7001E78DF /* ViewControllerGraficaPosicion.swift in Sources */ = {isa = PBXBuildFile; fileRef = 0096B67A1DBC76C7001E78DF /* ViewControllerGraficaPosicion.swift */; };
		3F63A00C1DB6EC2E00E9F19A /* ViewControllerInicial.swift in Sources */ = {isa = PBXBuildFile; fileRef = 3F63A00B1DB6EC2E00E9F19A /* ViewControllerInicial.swift */; };
		3F63A00E1DB6EC5200E9F19A /* ViewControllerGraficas.swift in Sources */ = {isa = PBXBuildFile; fileRef = 3F63A00D1DB6EC5200E9F19A /* ViewControllerGraficas.swift */; };
		3F63A0101DB6EC6800E9F19A /* ViewControllerConfiguracion.swift in Sources */ = {isa = PBXBuildFile; fileRef = 3F63A00F1DB6EC6800E9F19A /* ViewControllerConfiguracion.swift */; };
		3F845B331DDC2DAA008B8320 /* ViewControllerCreditos.swift in Sources */ = {isa = PBXBuildFile; fileRef = 3F845B321DDC2DAA008B8320 /* ViewControllerCreditos.swift */; };
		3F8DC0A21DC9B8EF00433649 /* TableViewControllerDatos.swift in Sources */ = {isa = PBXBuildFile; fileRef = 3F8DC0A11DC9B8EF00433649 /* TableViewControllerDatos.swift */; };
		3F9E885F1DB69C16009899C3 /* AppDelegate.swift in Sources */ = {isa = PBXBuildFile; fileRef = 3F9E885E1DB69C16009899C3 /* AppDelegate.swift */; };
		3F9E88641DB69C16009899C3 /* Main.storyboard in Resources */ = {isa = PBXBuildFile; fileRef = 3F9E88621DB69C16009899C3 /* Main.storyboard */; };
		3F9E88661DB69C16009899C3 /* Assets.xcassets in Resources */ = {isa = PBXBuildFile; fileRef = 3F9E88651DB69C16009899C3 /* Assets.xcassets */; };
		3F9E88691DB69C16009899C3 /* LaunchScreen.storyboard in Resources */ = {isa = PBXBuildFile; fileRef = 3F9E88671DB69C16009899C3 /* LaunchScreen.storyboard */; };
		FB95FDBB1DD7835700627BBE /* TableViewCell.swift in Sources */ = {isa = PBXBuildFile; fileRef = FB95FDBA1DD7835700627BBE /* TableViewCell.swift */; };
		FBBD480C1DD2307000A55647 /* Property List.plist in Resources */ = {isa = PBXBuildFile; fileRef = FBBD480B1DD2307000A55647 /* Property List.plist */; };
		FBF521881DCBBFD600DE5A76 /* NavigationController.swift in Sources */ = {isa = PBXBuildFile; fileRef = FBF521871DCBBFD600DE5A76 /* NavigationController.swift */; };
/* End PBXBuildFile section */

/* Begin PBXContainerItemProxy section */
		0096B66D1DBC75FA001E78DF /* PBXContainerItemProxy */ = {
			isa = PBXContainerItemProxy;
			containerPortal = 0096B6671DBC75FA001E78DF /* Charts.xcodeproj */;
			proxyType = 2;
			remoteGlobalIDString = 06165F241D8110E600722320;
			remoteInfo = Charts;
		};
		0096B66F1DBC75FA001E78DF /* PBXContainerItemProxy */ = {
			isa = PBXContainerItemProxy;
			containerPortal = 0096B6671DBC75FA001E78DF /* Charts.xcodeproj */;
			proxyType = 2;
			remoteGlobalIDString = 06B120D51D811E6200D14B02;
			remoteInfo = ChartsRealm;
		};
		0096B6711DBC75FA001E78DF /* PBXContainerItemProxy */ = {
			isa = PBXContainerItemProxy;
			containerPortal = 0096B6671DBC75FA001E78DF /* Charts.xcodeproj */;
			proxyType = 2;
			remoteGlobalIDString = 06165F2E1D8110E600722320;
			remoteInfo = ChartsTests;
		};
		0096B6751DBC7606001E78DF /* PBXContainerItemProxy */ = {
			isa = PBXContainerItemProxy;
			containerPortal = 0096B6671DBC75FA001E78DF /* Charts.xcodeproj */;
			proxyType = 1;
			remoteGlobalIDString = 06165F231D8110E600722320;
			remoteInfo = Charts;
		};
/* End PBXContainerItemProxy section */

/* Begin PBXCopyFilesBuildPhase section */
		0096B6651DBC7578001E78DF /* Embed Frameworks */ = {
			isa = PBXCopyFilesBuildPhase;
			buildActionMask = 2147483647;
			dstPath = "";
			dstSubfolderSpec = 10;
			files = (
				0096B6741DBC7606001E78DF /* Charts.framework in Embed Frameworks */,
			);
			name = "Embed Frameworks";
			runOnlyForDeploymentPostprocessing = 0;
		};
/* End PBXCopyFilesBuildPhase section */

/* Begin PBXFileReference section */
		004E23181DD553710078397D /* ViewControllerGraficaVelocidad.swift */ = {isa = PBXFileReference; fileEncoding = 4; lastKnownFileType = sourcecode.swift; path = ViewControllerGraficaVelocidad.swift; sourceTree = "<group>"; };
		0096B6671DBC75FA001E78DF /* Charts.xcodeproj */ = {isa = PBXFileReference; lastKnownFileType = "wrapper.pb-project"; name = Charts.xcodeproj; path = "Charts-master/Charts.xcodeproj"; sourceTree = "<group>"; };
		0096B67A1DBC76C7001E78DF /* ViewControllerGraficaPosicion.swift */ = {isa = PBXFileReference; fileEncoding = 4; lastKnownFileType = sourcecode.swift; path = ViewControllerGraficaPosicion.swift; sourceTree = "<group>"; };
		3F63A00B1DB6EC2E00E9F19A /* ViewControllerInicial.swift */ = {isa = PBXFileReference; fileEncoding = 4; lastKnownFileType = sourcecode.swift; path = ViewControllerInicial.swift; sourceTree = "<group>"; };
		3F63A00D1DB6EC5200E9F19A /* ViewControllerGraficas.swift */ = {isa = PBXFileReference; fileEncoding = 4; lastKnownFileType = sourcecode.swift; path = ViewControllerGraficas.swift; sourceTree = "<group>"; };
		3F63A00F1DB6EC6800E9F19A /* ViewControllerConfiguracion.swift */ = {isa = PBXFileReference; fileEncoding = 4; lastKnownFileType = sourcecode.swift; path = ViewControllerConfiguracion.swift; sourceTree = "<group>"; };
		3F845B321DDC2DAA008B8320 /* ViewControllerCreditos.swift */ = {isa = PBXFileReference; fileEncoding = 4; lastKnownFileType = sourcecode.swift; path = ViewControllerCreditos.swift; sourceTree = "<group>"; };
		3F8DC0A11DC9B8EF00433649 /* TableViewControllerDatos.swift */ = {isa = PBXFileReference; fileEncoding = 4; lastKnownFileType = sourcecode.swift; path = TableViewControllerDatos.swift; sourceTree = "<group>"; };
		3F9E885B1DB69C16009899C3 /* proyectoAppFisica.app */ = {isa = PBXFileReference; explicitFileType = wrapper.application; includeInIndex = 0; path = proyectoAppFisica.app; sourceTree = BUILT_PRODUCTS_DIR; };
		3F9E885E1DB69C16009899C3 /* AppDelegate.swift */ = {isa = PBXFileReference; lastKnownFileType = sourcecode.swift; path = AppDelegate.swift; sourceTree = "<group>"; };
		3F9E88631DB69C16009899C3 /* Base */ = {isa = PBXFileReference; lastKnownFileType = file.storyboard; name = Base; path = Base.lproj/Main.storyboard; sourceTree = "<group>"; };
		3F9E88651DB69C16009899C3 /* Assets.xcassets */ = {isa = PBXFileReference; lastKnownFileType = folder.assetcatalog; path = Assets.xcassets; sourceTree = "<group>"; };
		3F9E88681DB69C16009899C3 /* Base */ = {isa = PBXFileReference; lastKnownFileType = file.storyboard; name = Base; path = Base.lproj/LaunchScreen.storyboard; sourceTree = "<group>"; };
		3F9E886A1DB69C16009899C3 /* Info.plist */ = {isa = PBXFileReference; lastKnownFileType = text.plist.xml; path = Info.plist; sourceTree = "<group>"; };
		FB95FDBA1DD7835700627BBE /* TableViewCell.swift */ = {isa = PBXFileReference; fileEncoding = 4; lastKnownFileType = sourcecode.swift; path = TableViewCell.swift; sourceTree = "<group>"; };
		FBBD480B1DD2307000A55647 /* Property List.plist */ = {isa = PBXFileReference; fileEncoding = 4; lastKnownFileType = text.plist.xml; path = "Property List.plist"; sourceTree = "<group>"; };
		FBF521871DCBBFD600DE5A76 /* NavigationController.swift */ = {isa = PBXFileReference; fileEncoding = 4; lastKnownFileType = sourcecode.swift; name = NavigationController.swift; path = ../NavigationController.swift; sourceTree = "<group>"; };
/* End PBXFileReference section */

/* Begin PBXFrameworksBuildPhase section */
		3F9E88581DB69C15009899C3 /* Frameworks */ = {
			isa = PBXFrameworksBuildPhase;
			buildActionMask = 2147483647;
			files = (
				0096B6731DBC7606001E78DF /* Charts.framework in Frameworks */,
			);
			runOnlyForDeploymentPostprocessing = 0;
		};
/* End PBXFrameworksBuildPhase section */

/* Begin PBXGroup section */
		0096B6681DBC75FA001E78DF /* Products */ = {
			isa = PBXGroup;
			children = (
				0096B66E1DBC75FA001E78DF /* Charts.framework */,
				0096B6701DBC75FA001E78DF /* ChartsRealm.framework */,
				0096B6721DBC75FA001E78DF /* ChartsTests.xctest */,
			);
			name = Products;
			sourceTree = "<group>";
		};
		3F9E88521DB69C15009899C3 = {
			isa = PBXGroup;
			children = (
				3F845B321DDC2DAA008B8320 /* ViewControllerCreditos.swift */,
				3F9E885D1DB69C16009899C3 /* proyectoAppFisica */,
				3F9E885C1DB69C16009899C3 /* Products */,
			);
			sourceTree = "<group>";
		};
		3F9E885C1DB69C16009899C3 /* Products */ = {
			isa = PBXGroup;
			children = (
				3F9E885B1DB69C16009899C3 /* proyectoAppFisica.app */,
			);
			name = Products;
			sourceTree = "<group>";
		};
		3F9E885D1DB69C16009899C3 /* proyectoAppFisica */ = {
			isa = PBXGroup;
			children = (
				0096B6671DBC75FA001E78DF /* Charts.xcodeproj */,
				3F9E885E1DB69C16009899C3 /* AppDelegate.swift */,
				3F9E88621DB69C16009899C3 /* Main.storyboard */,
				004E23181DD553710078397D /* ViewControllerGraficaVelocidad.swift */,
				FBF521871DCBBFD600DE5A76 /* NavigationController.swift */,
				3F8DC0A11DC9B8EF00433649 /* TableViewControllerDatos.swift */,
				0096B67A1DBC76C7001E78DF /* ViewControllerGraficaPosicion.swift */,
				3F63A00D1DB6EC5200E9F19A /* ViewControllerGraficas.swift */,
				3F63A00F1DB6EC6800E9F19A /* ViewControllerConfiguracion.swift */,
				FB95FDBA1DD7835700627BBE /* TableViewCell.swift */,
				3F63A00B1DB6EC2E00E9F19A /* ViewControllerInicial.swift */,
				3F9E88651DB69C16009899C3 /* Assets.xcassets */,
				3F9E88671DB69C16009899C3 /* LaunchScreen.storyboard */,
				3F9E886A1DB69C16009899C3 /* Info.plist */,
				FBBD480B1DD2307000A55647 /* Property List.plist */,
			);
			path = proyectoAppFisica;
			sourceTree = "<group>";
		};
/* End PBXGroup section */

/* Begin PBXNativeTarget section */
		3F9E885A1DB69C15009899C3 /* proyectoAppFisica */ = {
			isa = PBXNativeTarget;
			buildConfigurationList = 3F9E886D1DB69C16009899C3 /* Build configuration list for PBXNativeTarget "proyectoAppFisica" */;
			buildPhases = (
				3F9E88571DB69C15009899C3 /* Sources */,
				3F9E88581DB69C15009899C3 /* Frameworks */,
				3F9E88591DB69C15009899C3 /* Resources */,
				0096B6651DBC7578001E78DF /* Embed Frameworks */,
			);
			buildRules = (
			);
			dependencies = (
				0096B6761DBC7606001E78DF /* PBXTargetDependency */,
			);
			name = proyectoAppFisica;
			productName = proyectoAppFisica;
			productReference = 3F9E885B1DB69C16009899C3 /* proyectoAppFisica.app */;
			productType = "com.apple.product-type.application";
		};
/* End PBXNativeTarget section */

/* Begin PBXProject section */
		3F9E88531DB69C15009899C3 /* Project object */ = {
			isa = PBXProject;
			attributes = {
				LastSwiftUpdateCheck = 0800;
				LastUpgradeCheck = 0810;
				ORGANIZATIONNAME = ITESM;
				TargetAttributes = {
					3F9E885A1DB69C15009899C3 = {
						CreatedOnToolsVersion = 8.0;
						ProvisioningStyle = Automatic;
					};
				};
			};
			buildConfigurationList = 3F9E88561DB69C15009899C3 /* Build configuration list for PBXProject "proyectoAppFisica" */;
			compatibilityVersion = "Xcode 3.2";
			developmentRegion = English;
			hasScannedForEncodings = 0;
			knownRegions = (
				en,
				Base,
			);
			mainGroup = 3F9E88521DB69C15009899C3;
			productRefGroup = 3F9E885C1DB69C16009899C3 /* Products */;
			projectDirPath = "";
			projectReferences = (
				{
					ProductGroup = 0096B6681DBC75FA001E78DF /* Products */;
					ProjectRef = 0096B6671DBC75FA001E78DF /* Charts.xcodeproj */;
				},
			);
			projectRoot = "";
			targets = (
				3F9E885A1DB69C15009899C3 /* proyectoAppFisica */,
			);
		};
/* End PBXProject section */

/* Begin PBXReferenceProxy section */
		0096B66E1DBC75FA001E78DF /* Charts.framework */ = {
			isa = PBXReferenceProxy;
			fileType = wrapper.framework;
			path = Charts.framework;
			remoteRef = 0096B66D1DBC75FA001E78DF /* PBXContainerItemProxy */;
			sourceTree = BUILT_PRODUCTS_DIR;
		};
		0096B6701DBC75FA001E78DF /* ChartsRealm.framework */ = {
			isa = PBXReferenceProxy;
			fileType = wrapper.framework;
			path = ChartsRealm.framework;
			remoteRef = 0096B66F1DBC75FA001E78DF /* PBXContainerItemProxy */;
			sourceTree = BUILT_PRODUCTS_DIR;
		};
		0096B6721DBC75FA001E78DF /* ChartsTests.xctest */ = {
			isa = PBXReferenceProxy;
			fileType = wrapper.cfbundle;
			path = ChartsTests.xctest;
			remoteRef = 0096B6711DBC75FA001E78DF /* PBXContainerItemProxy */;
			sourceTree = BUILT_PRODUCTS_DIR;
		};
/* End PBXReferenceProxy section */

/* Begin PBXResourcesBuildPhase section */
		3F9E88591DB69C15009899C3 /* Resources */ = {
			isa = PBXResourcesBuildPhase;
			buildActionMask = 2147483647;
			files = (
				3F9E88691DB69C16009899C3 /* LaunchScreen.storyboard in Resources */,
				3F9E88661DB69C16009899C3 /* Assets.xcassets in Resources */,
				FBBD480C1DD2307000A55647 /* Property List.plist in Resources */,
				3F9E88641DB69C16009899C3 /* Main.storyboard in Resources */,
			);
			runOnlyForDeploymentPostprocessing = 0;
		};
/* End PBXResourcesBuildPhase section */

/* Begin PBXSourcesBuildPhase section */
		3F9E88571DB69C15009899C3 /* Sources */ = {
			isa = PBXSourcesBuildPhase;
			buildActionMask = 2147483647;
			files = (
				3F63A00C1DB6EC2E00E9F19A /* ViewControllerInicial.swift in Sources */,
				3F845B331DDC2DAA008B8320 /* ViewControllerCreditos.swift in Sources */,
				FBF521881DCBBFD600DE5A76 /* NavigationController.swift in Sources */,
				3F63A00E1DB6EC5200E9F19A /* ViewControllerGraficas.swift in Sources */,
				FB95FDBB1DD7835700627BBE /* TableViewCell.swift in Sources */,
				3F63A0101DB6EC6800E9F19A /* ViewControllerConfiguracion.swift in Sources */,
				3F8DC0A21DC9B8EF00433649 /* TableViewControllerDatos.swift in Sources */,
				004E23191DD553710078397D /* ViewControllerGraficaVelocidad.swift in Sources */,
				0096B67B1DBC76C7001E78DF /* ViewControllerGraficaPosicion.swift in Sources */,
				3F9E885F1DB69C16009899C3 /* AppDelegate.swift in Sources */,
			);
			runOnlyForDeploymentPostprocessing = 0;
		};
/* End PBXSourcesBuildPhase section */

/* Begin PBXTargetDependency section */
		0096B6761DBC7606001E78DF /* PBXTargetDependency */ = {
			isa = PBXTargetDependency;
			name = Charts;
			targetProxy = 0096B6751DBC7606001E78DF /* PBXContainerItemProxy */;
		};
/* End PBXTargetDependency section */

/* Begin PBXVariantGroup section */
		3F9E88621DB69C16009899C3 /* Main.storyboard */ = {
			isa = PBXVariantGroup;
			children = (
				3F9E88631DB69C16009899C3 /* Base */,
			);
			name = Main.storyboard;
			sourceTree = "<group>";
		};
		3F9E88671DB69C16009899C3 /* LaunchScreen.storyboard */ = {
			isa = PBXVariantGroup;
			children = (
				3F9E88681DB69C16009899C3 /* Base */,
			);
			name = LaunchScreen.storyboard;
			sourceTree = "<group>";
		};
/* End PBXVariantGroup section */

/* Begin XCBuildConfiguration section */
		3F9E886B1DB69C16009899C3 /* Debug */ = {
			isa = XCBuildConfiguration;
			buildSettings = {
				ALWAYS_SEARCH_USER_PATHS = NO;
				CLANG_ANALYZER_NONNULL = YES;
				CLANG_CXX_LANGUAGE_STANDARD = "gnu++0x";
				CLANG_CXX_LIBRARY = "libc++";
				CLANG_ENABLE_MODULES = YES;
				CLANG_ENABLE_OBJC_ARC = YES;
				CLANG_WARN_BOOL_CONVERSION = YES;
				CLANG_WARN_CONSTANT_CONVERSION = YES;
				CLANG_WARN_DIRECT_OBJC_ISA_USAGE = YES_ERROR;
				CLANG_WARN_DOCUMENTATION_COMMENTS = YES;
				CLANG_WARN_EMPTY_BODY = YES;
				CLANG_WARN_ENUM_CONVERSION = YES;
				CLANG_WARN_INFINITE_RECURSION = YES;
				CLANG_WARN_INT_CONVERSION = YES;
				CLANG_WARN_OBJC_ROOT_CLASS = YES_ERROR;
				CLANG_WARN_SUSPICIOUS_MOVE = YES;
				CLANG_WARN_SUSPICIOUS_MOVES = YES;
				CLANG_WARN_UNREACHABLE_CODE = YES;
				CLANG_WARN__DUPLICATE_METHOD_MATCH = YES;
				"CODE_SIGN_IDENTITY[sdk=iphoneos*]" = "iPhone Developer";
				COPY_PHASE_STRIP = NO;
				DEBUG_INFORMATION_FORMAT = dwarf;
				ENABLE_STRICT_OBJC_MSGSEND = YES;
				ENABLE_TESTABILITY = YES;
				GCC_C_LANGUAGE_STANDARD = gnu99;
				GCC_DYNAMIC_NO_PIC = NO;
				GCC_NO_COMMON_BLOCKS = YES;
				GCC_OPTIMIZATION_LEVEL = 0;
				GCC_PREPROCESSOR_DEFINITIONS = (
					"DEBUG=1",
					"$(inherited)",
				);
				GCC_WARN_64_TO_32_BIT_CONVERSION = YES;
				GCC_WARN_ABOUT_RETURN_TYPE = YES_ERROR;
				GCC_WARN_UNDECLARED_SELECTOR = YES;
				GCC_WARN_UNINITIALIZED_AUTOS = YES_AGGRESSIVE;
				GCC_WARN_UNUSED_FUNCTION = YES;
				GCC_WARN_UNUSED_VARIABLE = YES;
				IPHONEOS_DEPLOYMENT_TARGET = 10.0;
				MTL_ENABLE_DEBUG_INFO = YES;
				ONLY_ACTIVE_ARCH = YES;
				SDKROOT = iphoneos;
				SWIFT_ACTIVE_COMPILATION_CONDITIONS = DEBUG;
				SWIFT_OPTIMIZATION_LEVEL = "-Onone";
			};
			name = Debug;
		};
		3F9E886C1DB69C16009899C3 /* Release */ = {
			isa = XCBuildConfiguration;
			buildSettings = {
				ALWAYS_SEARCH_USER_PATHS = NO;
				CLANG_ANALYZER_NONNULL = YES;
				CLANG_CXX_LANGUAGE_STANDARD = "gnu++0x";
				CLANG_CXX_LIBRARY = "libc++";
				CLANG_ENABLE_MODULES = YES;
				CLANG_ENABLE_OBJC_ARC = YES;
				CLANG_WARN_BOOL_CONVERSION = YES;
				CLANG_WARN_CONSTANT_CONVERSION = YES;
				CLANG_WARN_DIRECT_OBJC_ISA_USAGE = YES_ERROR;
				CLANG_WARN_DOCUMENTATION_COMMENTS = YES;
				CLANG_WARN_EMPTY_BODY = YES;
				CLANG_WARN_ENUM_CONVERSION = YES;
				CLANG_WARN_INFINITE_RECURSION = YES;
				CLANG_WARN_INT_CONVERSION = YES;
				CLANG_WARN_OBJC_ROOT_CLASS = YES_ERROR;
				CLANG_WARN_SUSPICIOUS_MOVE = YES;
				CLANG_WARN_SUSPICIOUS_MOVES = YES;
				CLANG_WARN_UNREACHABLE_CODE = YES;
				CLANG_WARN__DUPLICATE_METHOD_MATCH = YES;
				"CODE_SIGN_IDENTITY[sdk=iphoneos*]" = "iPhone Developer";
				COPY_PHASE_STRIP = NO;
				DEBUG_INFORMATION_FORMAT = "dwarf-with-dsym";
				ENABLE_NS_ASSERTIONS = NO;
				ENABLE_STRICT_OBJC_MSGSEND = YES;
				GCC_C_LANGUAGE_STANDARD = gnu99;
				GCC_NO_COMMON_BLOCKS = YES;
				GCC_WARN_64_TO_32_BIT_CONVERSION = YES;
				GCC_WARN_ABOUT_RETURN_TYPE = YES_ERROR;
				GCC_WARN_UNDECLARED_SELECTOR = YES;
				GCC_WARN_UNINITIALIZED_AUTOS = YES_AGGRESSIVE;
				GCC_WARN_UNUSED_FUNCTION = YES;
				GCC_WARN_UNUSED_VARIABLE = YES;
				IPHONEOS_DEPLOYMENT_TARGET = 10.0;
				MTL_ENABLE_DEBUG_INFO = NO;
				SDKROOT = iphoneos;
				SWIFT_OPTIMIZATION_LEVEL = "-Owholemodule";
				VALIDATE_PRODUCT = YES;
			};
			name = Release;
		};
		3F9E886E1DB69C16009899C3 /* Debug */ = {
			isa = XCBuildConfiguration;
			buildSettings = {
				ALWAYS_EMBED_SWIFT_STANDARD_LIBRARIES = YES;
				ASSETCATALOG_COMPILER_APPICON_NAME = AppIcon;
				INFOPLIST_FILE = proyectoAppFisica/Info.plist;
				LD_RUNPATH_SEARCH_PATHS = "$(inherited) @executable_path/Frameworks";
				PRODUCT_BUNDLE_IDENTIFIER = CaroRomo.proyectoAppFisica;
				PRODUCT_NAME = "$(TARGET_NAME)";
				SWIFT_VERSION = 3.0;
			};
			name = Debug;
		};
		3F9E886F1DB69C16009899C3 /* Release */ = {
			isa = XCBuildConfiguration;
			buildSettings = {
				ALWAYS_EMBED_SWIFT_STANDARD_LIBRARIES = YES;
				ASSETCATALOG_COMPILER_APPICON_NAME = AppIcon;
				INFOPLIST_FILE = proyectoAppFisica/Info.plist;
				LD_RUNPATH_SEARCH_PATHS = "$(inherited) @executable_path/Frameworks";
				PRODUCT_BUNDLE_IDENTIFIER = CaroRomo.proyectoAppFisica;
				PRODUCT_NAME = "$(TARGET_NAME)";
				SWIFT_VERSION = 3.0;
			};
			name = Release;
		};
/* End XCBuildConfiguration section */

/* Begin XCConfigurationList section */
		3F9E88561DB69C15009899C3 /* Build configuration list for PBXProject "proyectoAppFisica" */ = {
			isa = XCConfigurationList;
			buildConfigurations = (
				3F9E886B1DB69C16009899C3 /* Debug */,
				3F9E886C1DB69C16009899C3 /* Release */,
			);
			defaultConfigurationIsVisible = 0;
			defaultConfigurationName = Release;
		};
		3F9E886D1DB69C16009899C3 /* Build configuration list for PBXNativeTarget "proyectoAppFisica" */ = {
			isa = XCConfigurationList;
			buildConfigurations = (
				3F9E886E1DB69C16009899C3 /* Debug */,
				3F9E886F1DB69C16009899C3 /* Release */,
			);
			defaultConfigurationIsVisible = 0;
			defaultConfigurationName = Release;
		};
/* End XCConfigurationList section */
	};
	rootObject = 3F9E88531DB69C15009899C3 /* Project object */;
}
